
Microsoft Visual Studio Solution File, Format Version 12.00
# Visual Studio 15
VisualStudioVersion = 15.0.27703.2026
MinimumVisualStudioVersion = 10.0.40219.1
Project("{2150E333-8FDC-42A3-9474-1A3956D46DE8}") = "1 - Clients", "1 - Clients", "{A537E71B-6336-4279-919C-F206748004DC}"
EndProject
Project("{2150E333-8FDC-42A3-9474-1A3956D46DE8}") = "2 - Services", "2 - Services", "{6C06F69E-106D-49F9-AB35-D2C2F2BB27A7}"
EndProject
Project("{2150E333-8FDC-42A3-9474-1A3956D46DE8}") = "3 - Domain", "3 - Domain", "{95A145B4-75E9-42E4-93FA-B9903925787C}"
EndProject
Project("{2150E333-8FDC-42A3-9474-1A3956D46DE8}") = "4 - Infrastructure", "4 - Infrastructure", "{AE78A70F-F706-49DD-9DD0-AC575D0B2E84}"
EndProject
Project("{2150E333-8FDC-42A3-9474-1A3956D46DE8}") = "5 - Support", "5 - Support", "{F054A9EB-E474-4ECF-A359-C2C267F4F116}"
EndProject
Project("{2150E333-8FDC-42A3-9474-1A3956D46DE8}") = "5.1 - Simulations", "5.1 - Simulations", "{828251C3-1DA0-4602-8BCE-983FCE562800}"
EndProject
Project("{FAE04EC0-301F-11D3-BF4B-00C04F79EFBC}") = "SandwichMachine", "5 - Support\5.1 - Simulations\SandwichMachine\SandwichMachine.csproj", "{D3898D9F-0774-445F-958F-415B45730748}"
EndProject
Project("{FAE04EC0-301F-11D3-BF4B-00C04F79EFBC}") = "Customer", "1 - Clients\Customer\Customer.csproj", "{332D5781-D663-44A1-940D-F39951A83246}"
EndProject
Project("{FAE04EC0-301F-11D3-BF4B-00C04F79EFBC}") = "Cashier", "1 - Clients\Cashier\Cashier.csproj", "{A79CA367-C268-4B07-8197-834CB13D2F22}"
EndProject
Project("{FAE04EC0-301F-11D3-BF4B-00C04F79EFBC}") = "Admin", "1 - Clients\Admin\Admin.csproj", "{DF84B8E2-C295-4536-B6FD-A4DAAAE6A433}"
EndProject
Project("{2150E333-8FDC-42A3-9474-1A3956D46DE8}") = "4.1 - Data", "4.1 - Data", "{DFC52D7C-59AB-4973-9909-3780576BA008}"
EndProject
Project("{FAE04EC0-301F-11D3-BF4B-00C04F79EFBC}") = "Persistence", "4 - Infrastructure\4.1 - Data\Persistence\Persistence.csproj", "{5B21FA6F-3BA9-4BC2-9344-59FECF3FECEC}"
EndProject
Project("{FAE04EC0-301F-11D3-BF4B-00C04F79EFBC}") = "Entities", "4 - Infrastructure\4.1 - Data\Entities\Entities.csproj", "{9035FB68-0010-4E68-93FE-769D59ED8957}"
EndProject
Project("{FAE04EC0-301F-11D3-BF4B-00C04F79EFBC}") = "Repositories", "4 - Infrastructure\4.1 - Data\Repositories\Repositories.csproj", "{DDBBB589-67DC-4094-AF99-3D63312195B9}"
EndProject
Project("{2150E333-8FDC-42A3-9474-1A3956D46DE8}") = "4.2 - CrossCutting", "4.2 - CrossCutting", "{471AF8C9-7EAD-4680-9F81-1BE06F56BE29}"
EndProject
Project("{FAE04EC0-301F-11D3-BF4B-00C04F79EFBC}") = "Utils", "4 - Infrastructure\4.2 - CrossCutting\Utils\Utils.csproj", "{D7DFBD0C-B5C6-4835-8298-33864639BA81}"
EndProject
Project("{2150E333-8FDC-42A3-9474-1A3956D46DE8}") = "3.1 - DTO", "3.1 - DTO", "{63BA5E05-30A2-4F81-B1C4-D477D2890248}"
EndProject
Project("{2150E333-8FDC-42A3-9474-1A3956D46DE8}") = "3.2 - Business", "3.2 - Business", "{F8A1937E-299C-48A7-8DA7-E034DC8FBAAD}"
EndProject
Project("{2150E333-8FDC-42A3-9474-1A3956D46DE8}") = "Sandwichs", "Sandwichs", "{9392198C-510D-4FB4-B35F-0BCDB43D1A47}"
EndProject
Project("{FAE04EC0-301F-11D3-BF4B-00C04F79EFBC}") = "Contracts", "3 - Domain\3.2 - Business\Sandwichs\Contracts\Contracts.csproj", "{AFE883F3-4F1E-46E4-90BF-4A4606326902}"
EndProject
Project("{FAE04EC0-301F-11D3-BF4B-00C04F79EFBC}") = "Implementations", "3 - Domain\3.2 - Business\Sandwichs\Implementations\Implementations.csproj", "{BFE94F2A-CF17-4F2A-ADBE-9EE8AE19F16D}"
EndProject
Project("{FAE04EC0-301F-11D3-BF4B-00C04F79EFBC}") = "POCO", "3 - Domain\3.1 - DTO\POCO\POCO.csproj", "{F1845B4D-9BD6-4F85-89C9-C0C65B20192A}"
EndProject
Project("{FAE04EC0-301F-11D3-BF4B-00C04F79EFBC}") = "Mappings", "3 - Domain\3.1 - DTO\Mappings\Mappings.csproj", "{DD1350BA-C598-4043-8303-FD5FF7EDB2D3}"
EndProject
Project("{FAE04EC0-301F-11D3-BF4B-00C04F79EFBC}") = "BaseServices", "2 - Services\BaseServices\BaseServices.csproj", "{8C76D430-02A2-4C29-B673-B05C335D9923}"
EndProject
Project("{FAE04EC0-301F-11D3-BF4B-00C04F79EFBC}") = "MinisServices", "2 - Services\MinisServices\MinisServices.csproj", "{A8EE1134-52B6-42BB-A51E-D6FA4110618D}"
EndProject
Project("{2150E333-8FDC-42A3-9474-1A3956D46DE8}") = "5.2 - Testing", "5.2 - Testing", "{0FFEE430-5DFC-410F-9489-BFA0AB9D5ADB}"
EndProject
Project("{FAE04EC0-301F-11D3-BF4B-00C04F79EFBC}") = "UnitTesting", "5 - Support\5.2 - Testing\UnitTesting\UnitTesting.csproj", "{DACDBD9B-FEB1-419D-B9BF-2EB7742A31AB}"
EndProject
Global
	GlobalSection(SolutionConfigurationPlatforms) = preSolution
		Debug|Any CPU = Debug|Any CPU
		Release|Any CPU = Release|Any CPU
	EndGlobalSection
	GlobalSection(ProjectConfigurationPlatforms) = postSolution
		{D3898D9F-0774-445F-958F-415B45730748}.Debug|Any CPU.ActiveCfg = Debug|Any CPU
		{D3898D9F-0774-445F-958F-415B45730748}.Debug|Any CPU.Build.0 = Debug|Any CPU
		{D3898D9F-0774-445F-958F-415B45730748}.Release|Any CPU.ActiveCfg = Release|Any CPU
		{D3898D9F-0774-445F-958F-415B45730748}.Release|Any CPU.Build.0 = Release|Any CPU
		{332D5781-D663-44A1-940D-F39951A83246}.Debug|Any CPU.ActiveCfg = Debug|Any CPU
		{332D5781-D663-44A1-940D-F39951A83246}.Debug|Any CPU.Build.0 = Debug|Any CPU
		{332D5781-D663-44A1-940D-F39951A83246}.Release|Any CPU.ActiveCfg = Release|Any CPU
		{332D5781-D663-44A1-940D-F39951A83246}.Release|Any CPU.Build.0 = Release|Any CPU
		{A79CA367-C268-4B07-8197-834CB13D2F22}.Debug|Any CPU.ActiveCfg = Debug|Any CPU
		{A79CA367-C268-4B07-8197-834CB13D2F22}.Debug|Any CPU.Build.0 = Debug|Any CPU
		{A79CA367-C268-4B07-8197-834CB13D2F22}.Release|Any CPU.ActiveCfg = Release|Any CPU
		{A79CA367-C268-4B07-8197-834CB13D2F22}.Release|Any CPU.Build.0 = Release|Any CPU
		{DF84B8E2-C295-4536-B6FD-A4DAAAE6A433}.Debug|Any CPU.ActiveCfg = Debug|Any CPU
		{DF84B8E2-C295-4536-B6FD-A4DAAAE6A433}.Debug|Any CPU.Build.0 = Debug|Any CPU
		{DF84B8E2-C295-4536-B6FD-A4DAAAE6A433}.Release|Any CPU.ActiveCfg = Release|Any CPU
		{DF84B8E2-C295-4536-B6FD-A4DAAAE6A433}.Release|Any CPU.Build.0 = Release|Any CPU
		{5B21FA6F-3BA9-4BC2-9344-59FECF3FECEC}.Debug|Any CPU.ActiveCfg = Debug|Any CPU
		{5B21FA6F-3BA9-4BC2-9344-59FECF3FECEC}.Debug|Any CPU.Build.0 = Debug|Any CPU
		{5B21FA6F-3BA9-4BC2-9344-59FECF3FECEC}.Release|Any CPU.ActiveCfg = Release|Any CPU
		{5B21FA6F-3BA9-4BC2-9344-59FECF3FECEC}.Release|Any CPU.Build.0 = Release|Any CPU
		{9035FB68-0010-4E68-93FE-769D59ED8957}.Debug|Any CPU.ActiveCfg = Debug|Any CPU
		{9035FB68-0010-4E68-93FE-769D59ED8957}.Debug|Any CPU.Build.0 = Debug|Any CPU
		{9035FB68-0010-4E68-93FE-769D59ED8957}.Release|Any CPU.ActiveCfg = Release|Any CPU
		{9035FB68-0010-4E68-93FE-769D59ED8957}.Release|Any CPU.Build.0 = Release|Any CPU
		{DDBBB589-67DC-4094-AF99-3D63312195B9}.Debug|Any CPU.ActiveCfg = Debug|Any CPU
		{DDBBB589-67DC-4094-AF99-3D63312195B9}.Debug|Any CPU.Build.0 = Debug|Any CPU
		{DDBBB589-67DC-4094-AF99-3D63312195B9}.Release|Any CPU.ActiveCfg = Release|Any CPU
		{DDBBB589-67DC-4094-AF99-3D63312195B9}.Release|Any CPU.Build.0 = Release|Any CPU
		{D7DFBD0C-B5C6-4835-8298-33864639BA81}.Debug|Any CPU.ActiveCfg = Debug|Any CPU
		{D7DFBD0C-B5C6-4835-8298-33864639BA81}.Debug|Any CPU.Build.0 = Debug|Any CPU
		{D7DFBD0C-B5C6-4835-8298-33864639BA81}.Release|Any CPU.ActiveCfg = Release|Any CPU
		{D7DFBD0C-B5C6-4835-8298-33864639BA81}.Release|Any CPU.Build.0 = Release|Any CPU
		{AFE883F3-4F1E-46E4-90BF-4A4606326902}.Debug|Any CPU.ActiveCfg = Debug|Any CPU
		{AFE883F3-4F1E-46E4-90BF-4A4606326902}.Debug|Any CPU.Build.0 = Debug|Any CPU
		{AFE883F3-4F1E-46E4-90BF-4A4606326902}.Release|Any CPU.ActiveCfg = Release|Any CPU
		{AFE883F3-4F1E-46E4-90BF-4A4606326902}.Release|Any CPU.Build.0 = Release|Any CPU
		{BFE94F2A-CF17-4F2A-ADBE-9EE8AE19F16D}.Debug|Any CPU.ActiveCfg = Debug|Any CPU
		{BFE94F2A-CF17-4F2A-ADBE-9EE8AE19F16D}.Debug|Any CPU.Build.0 = Debug|Any CPU
		{BFE94F2A-CF17-4F2A-ADBE-9EE8AE19F16D}.Release|Any CPU.ActiveCfg = Release|Any CPU
		{BFE94F2A-CF17-4F2A-ADBE-9EE8AE19F16D}.Release|Any CPU.Build.0 = Release|Any CPU
		{F1845B4D-9BD6-4F85-89C9-C0C65B20192A}.Debug|Any CPU.ActiveCfg = Debug|Any CPU
		{F1845B4D-9BD6-4F85-89C9-C0C65B20192A}.Debug|Any CPU.Build.0 = Debug|Any CPU
		{F1845B4D-9BD6-4F85-89C9-C0C65B20192A}.Release|Any CPU.ActiveCfg = Release|Any CPU
		{F1845B4D-9BD6-4F85-89C9-C0C65B20192A}.Release|Any CPU.Build.0 = Release|Any CPU
		{DD1350BA-C598-4043-8303-FD5FF7EDB2D3}.Debug|Any CPU.ActiveCfg = Debug|Any CPU
		{DD1350BA-C598-4043-8303-FD5FF7EDB2D3}.Debug|Any CPU.Build.0 = Debug|Any CPU
		{DD1350BA-C598-4043-8303-FD5FF7EDB2D3}.Release|Any CPU.ActiveCfg = Release|Any CPU
		{DD1350BA-C598-4043-8303-FD5FF7EDB2D3}.Release|Any CPU.Build.0 = Release|Any CPU
		{8C76D430-02A2-4C29-B673-B05C335D9923}.Debug|Any CPU.ActiveCfg = Debug|Any CPU
		{8C76D430-02A2-4C29-B673-B05C335D9923}.Debug|Any CPU.Build.0 = Debug|Any CPU
		{8C76D430-02A2-4C29-B673-B05C335D9923}.Release|Any CPU.ActiveCfg = Release|Any CPU
		{8C76D430-02A2-4C29-B673-B05C335D9923}.Release|Any CPU.Build.0 = Release|Any CPU
		{A8EE1134-52B6-42BB-A51E-D6FA4110618D}.Debug|Any CPU.ActiveCfg = Debug|Any CPU
		{A8EE1134-52B6-42BB-A51E-D6FA4110618D}.Debug|Any CPU.Build.0 = Debug|Any CPU
		{A8EE1134-52B6-42BB-A51E-D6FA4110618D}.Release|Any CPU.ActiveCfg = Release|Any CPU
		{A8EE1134-52B6-42BB-A51E-D6FA4110618D}.Release|Any CPU.Build.0 = Release|Any CPU
		{DACDBD9B-FEB1-419D-B9BF-2EB7742A31AB}.Debug|Any CPU.ActiveCfg = Debug|Any CPU
		{DACDBD9B-FEB1-419D-B9BF-2EB7742A31AB}.Debug|Any CPU.Build.0 = Debug|Any CPU
		{DACDBD9B-FEB1-419D-B9BF-2EB7742A31AB}.Release|Any CPU.ActiveCfg = Release|Any CPU
		{DACDBD9B-FEB1-419D-B9BF-2EB7742A31AB}.Release|Any CPU.Build.0 = Release|Any CPU
	EndGlobalSection
	GlobalSection(SolutionProperties) = preSolution
		HideSolutionNode = FALSE
	EndGlobalSection
	GlobalSection(NestedProjects) = preSolution
		{828251C3-1DA0-4602-8BCE-983FCE562800} = {F054A9EB-E474-4ECF-A359-C2C267F4F116}
		{D3898D9F-0774-445F-958F-415B45730748} = {828251C3-1DA0-4602-8BCE-983FCE562800}
		{332D5781-D663-44A1-940D-F39951A83246} = {A537E71B-6336-4279-919C-F206748004DC}
		{A79CA367-C268-4B07-8197-834CB13D2F22} = {A537E71B-6336-4279-919C-F206748004DC}
		{DF84B8E2-C295-4536-B6FD-A4DAAAE6A433} = {A537E71B-6336-4279-919C-F206748004DC}
		{DFC52D7C-59AB-4973-9909-3780576BA008} = {AE78A70F-F706-49DD-9DD0-AC575D0B2E84}
		{5B21FA6F-3BA9-4BC2-9344-59FECF3FECEC} = {DFC52D7C-59AB-4973-9909-3780576BA008}
		{9035FB68-0010-4E68-93FE-769D59ED8957} = {DFC52D7C-59AB-4973-9909-3780576BA008}
		{DDBBB589-67DC-4094-AF99-3D63312195B9} = {DFC52D7C-59AB-4973-9909-3780576BA008}
		{471AF8C9-7EAD-4680-9F81-1BE06F56BE29} = {AE78A70F-F706-49DD-9DD0-AC575D0B2E84}
		{D7DFBD0C-B5C6-4835-8298-33864639BA81} = {471AF8C9-7EAD-4680-9F81-1BE06F56BE29}
		{63BA5E05-30A2-4F81-B1C4-D477D2890248} = {95A145B4-75E9-42E4-93FA-B9903925787C}
		{F8A1937E-299C-48A7-8DA7-E034DC8FBAAD} = {95A145B4-75E9-42E4-93FA-B9903925787C}
		{9392198C-510D-4FB4-B35F-0BCDB43D1A47} = {F8A1937E-299C-48A7-8DA7-E034DC8FBAAD}
		{AFE883F3-4F1E-46E4-90BF-4A4606326902} = {9392198C-510D-4FB4-B35F-0BCDB43D1A47}
		{BFE94F2A-CF17-4F2A-ADBE-9EE8AE19F16D} = {9392198C-510D-4FB4-B35F-0BCDB43D1A47}
		{F1845B4D-9BD6-4F85-89C9-C0C65B20192A} = {63BA5E05-30A2-4F81-B1C4-D477D2890248}
		{DD1350BA-C598-4043-8303-FD5FF7EDB2D3} = {63BA5E05-30A2-4F81-B1C4-D477D2890248}
		{8C76D430-02A2-4C29-B673-B05C335D9923} = {6C06F69E-106D-49F9-AB35-D2C2F2BB27A7}
		{A8EE1134-52B6-42BB-A51E-D6FA4110618D} = {6C06F69E-106D-49F9-AB35-D2C2F2BB27A7}
		{0FFEE430-5DFC-410F-9489-BFA0AB9D5ADB} = {F054A9EB-E474-4ECF-A359-C2C267F4F116}
		{DACDBD9B-FEB1-419D-B9BF-2EB7742A31AB} = {0FFEE430-5DFC-410F-9489-BFA0AB9D5ADB}
	EndGlobalSection
	GlobalSection(ExtensibilityGlobals) = postSolution
		SolutionGuid = {E5E04E2F-81A4-4C0E-A210-1FFA6928BA8F}
	EndGlobalSection
EndGlobal
